// !$*UTF8*$!
{
	archiveVersion = 1;
	classes = {
	};
	objectVersion = 46;
	objects = {

/* Begin PBXBuildFile section */
		57D08E7C4376E558C31322B4 /* Pods_interview_app_swift.framework in Frameworks */ = {isa = PBXBuildFile; fileRef = 4940734ACBB6F64EBA05A464 /* Pods_interview_app_swift.framework */; settings = {ATTRIBUTES = (Weak, ); }; };
		E72DDAE01B097D470081B383 /* AppDelegate.swift in Sources */ = {isa = PBXBuildFile; fileRef = E72DDADF1B097D470081B383 /* AppDelegate.swift */; };
		E72DDAE51B097D470081B383 /* Main.storyboard in Resources */ = {isa = PBXBuildFile; fileRef = E72DDAE31B097D470081B383 /* Main.storyboard */; };
		E72DDAE71B097D470081B383 /* Images.xcassets in Resources */ = {isa = PBXBuildFile; fileRef = E72DDAE61B097D470081B383 /* Images.xcassets */; };
		E72DDAEA1B097D470081B383 /* LaunchScreen.xib in Resources */ = {isa = PBXBuildFile; fileRef = E72DDAE81B097D470081B383 /* LaunchScreen.xib */; };
		E72DDAF61B097D470081B383 /* interview_app_swiftTests.swift in Sources */ = {isa = PBXBuildFile; fileRef = E72DDAF51B097D470081B383 /* interview_app_swiftTests.swift */; };
		E763D2F91B1E548300A64C8E /* CoffeeshopModel.swift in Sources */ = {isa = PBXBuildFile; fileRef = E763D2F81B1E548300A64C8E /* CoffeeshopModel.swift */; };
		E763D2FB1B1E54E100A64C8E /* MapKit.framework in Frameworks */ = {isa = PBXBuildFile; fileRef = E763D2FA1B1E54E100A64C8E /* MapKit.framework */; };
		E763D2FD1B1E54E800A64C8E /* CoreLocation.framework in Frameworks */ = {isa = PBXBuildFile; fileRef = E763D2FC1B1E54E800A64C8E /* CoreLocation.framework */; };
		E763D2FF1B1E561600A64C8E /* YelpAPIService.swift in Sources */ = {isa = PBXBuildFile; fileRef = E763D2FE1B1E561600A64C8E /* YelpAPIService.swift */; };
		E763D3011B1E7A0200A64C8E /* OAuthAPIConstants.swift in Sources */ = {isa = PBXBuildFile; fileRef = E763D3001B1E7A0200A64C8E /* OAuthAPIConstants.swift */; };
/* End PBXBuildFile section */

/* Begin PBXContainerItemProxy section */
		E72DDAF01B097D470081B383 /* PBXContainerItemProxy */ = {
			isa = PBXContainerItemProxy;
			containerPortal = E72DDAD21B097D470081B383 /* Project object */;
			proxyType = 1;
			remoteGlobalIDString = E72DDAD91B097D470081B383;
			remoteInfo = "interview-app-swift";
		};
/* End PBXContainerItemProxy section */

/* Begin PBXFileReference section */
		4940734ACBB6F64EBA05A464 /* Pods_interview_app_swift.framework */ = {isa = PBXFileReference; explicitFileType = wrapper.framework; includeInIndex = 0; path = Pods_interview_app_swift.framework; sourceTree = BUILT_PRODUCTS_DIR; };
		77146EBB9620A8BF57CD6779 /* Pods-interview-app-swift.debug.xcconfig */ = {isa = PBXFileReference; includeInIndex = 1; lastKnownFileType = text.xcconfig; name = "Pods-interview-app-swift.debug.xcconfig"; path = "Pods/Target Support Files/Pods-interview-app-swift/Pods-interview-app-swift.debug.xcconfig"; sourceTree = "<group>"; };
		E72DDADA1B097D470081B383 /* interview-app-swift.app */ = {isa = PBXFileReference; explicitFileType = wrapper.application; includeInIndex = 0; path = "interview-app-swift.app"; sourceTree = BUILT_PRODUCTS_DIR; };
		E72DDADE1B097D470081B383 /* Info.plist */ = {isa = PBXFileReference; lastKnownFileType = text.plist.xml; path = Info.plist; sourceTree = "<group>"; };
		E72DDADF1B097D470081B383 /* AppDelegate.swift */ = {isa = PBXFileReference; lastKnownFileType = sourcecode.swift; path = AppDelegate.swift; sourceTree = "<group>"; };
		E72DDAE41B097D470081B383 /* Base */ = {isa = PBXFileReference; lastKnownFileType = file.storyboard; name = Base; path = Base.lproj/Main.storyboard; sourceTree = "<group>"; };
		E72DDAE61B097D470081B383 /* Images.xcassets */ = {isa = PBXFileReference; lastKnownFileType = folder.assetcatalog; path = Images.xcassets; sourceTree = "<group>"; };
		E72DDAE91B097D470081B383 /* Base */ = {isa = PBXFileReference; lastKnownFileType = file.xib; name = Base; path = Base.lproj/LaunchScreen.xib; sourceTree = "<group>"; };
		E72DDAEF1B097D470081B383 /* interview-app-swiftTests.xctest */ = {isa = PBXFileReference; explicitFileType = wrapper.cfbundle; includeInIndex = 0; path = "interview-app-swiftTests.xctest"; sourceTree = BUILT_PRODUCTS_DIR; };
		E72DDAF41B097D470081B383 /* Info.plist */ = {isa = PBXFileReference; lastKnownFileType = text.plist.xml; path = Info.plist; sourceTree = "<group>"; };
		E72DDAF51B097D470081B383 /* interview_app_swiftTests.swift */ = {isa = PBXFileReference; lastKnownFileType = sourcecode.swift; path = interview_app_swiftTests.swift; sourceTree = "<group>"; };
		E763D2F81B1E548300A64C8E /* CoffeeshopModel.swift */ = {isa = PBXFileReference; fileEncoding = 4; lastKnownFileType = sourcecode.swift; path = CoffeeshopModel.swift; sourceTree = "<group>"; };
		E763D2FA1B1E54E100A64C8E /* MapKit.framework */ = {isa = PBXFileReference; lastKnownFileType = wrapper.framework; name = MapKit.framework; path = System/Library/Frameworks/MapKit.framework; sourceTree = SDKROOT; };
		E763D2FC1B1E54E800A64C8E /* CoreLocation.framework */ = {isa = PBXFileReference; lastKnownFileType = wrapper.framework; name = CoreLocation.framework; path = System/Library/Frameworks/CoreLocation.framework; sourceTree = SDKROOT; };
		E763D2FE1B1E561600A64C8E /* YelpAPIService.swift */ = {isa = PBXFileReference; fileEncoding = 4; lastKnownFileType = sourcecode.swift; path = YelpAPIService.swift; sourceTree = "<group>"; };
		E763D3001B1E7A0200A64C8E /* OAuthAPIConstants.swift */ = {isa = PBXFileReference; fileEncoding = 4; lastKnownFileType = sourcecode.swift; path = OAuthAPIConstants.swift; sourceTree = "<group>"; };
		F6C92910F1E77C62C3A74ABE /* Pods-interview-app-swift.release.xcconfig */ = {isa = PBXFileReference; includeInIndex = 1; lastKnownFileType = text.xcconfig; name = "Pods-interview-app-swift.release.xcconfig"; path = "Pods/Target Support Files/Pods-interview-app-swift/Pods-interview-app-swift.release.xcconfig"; sourceTree = "<group>"; };
/* End PBXFileReference section */

/* Begin PBXFrameworksBuildPhase section */
		E72DDAD71B097D470081B383 /* Frameworks */ = {
			isa = PBXFrameworksBuildPhase;
			buildActionMask = 2147483647;
			files = (
				E763D2FD1B1E54E800A64C8E /* CoreLocation.framework in Frameworks */,
				E763D2FB1B1E54E100A64C8E /* MapKit.framework in Frameworks */,
				57D08E7C4376E558C31322B4 /* Pods_interview_app_swift.framework in Frameworks */,
			);
			runOnlyForDeploymentPostprocessing = 0;
		};
		E72DDAEC1B097D470081B383 /* Frameworks */ = {
			isa = PBXFrameworksBuildPhase;
			buildActionMask = 2147483647;
			files = (
			);
			runOnlyForDeploymentPostprocessing = 0;
		};
/* End PBXFrameworksBuildPhase section */

/* Begin PBXGroup section */
		753502A0BCCE61B2C47EB271 /* Frameworks */ = {
			isa = PBXGroup;
			children = (
				4940734ACBB6F64EBA05A464 /* Pods_interview_app_swift.framework */,
			);
			name = Frameworks;
			sourceTree = "<group>";
		};
		981389F3F16B5E8A7365F9EC /* Pods */ = {
			isa = PBXGroup;
			children = (
				77146EBB9620A8BF57CD6779 /* Pods-interview-app-swift.debug.xcconfig */,
				F6C92910F1E77C62C3A74ABE /* Pods-interview-app-swift.release.xcconfig */,
			);
			name = Pods;
			sourceTree = "<group>";
		};
		E72DDAD11B097D470081B383 = {
			isa = PBXGroup;
			children = (
				E763D2FC1B1E54E800A64C8E /* CoreLocation.framework */,
				E763D2FA1B1E54E100A64C8E /* MapKit.framework */,
				E72DDADC1B097D470081B383 /* interview-app-swift */,
				E72DDAF21B097D470081B383 /* interview-app-swiftTests */,
				E72DDADB1B097D470081B383 /* Products */,
				981389F3F16B5E8A7365F9EC /* Pods */,
				753502A0BCCE61B2C47EB271 /* Frameworks */,
			);
			sourceTree = "<group>";
		};
		E72DDADB1B097D470081B383 /* Products */ = {
			isa = PBXGroup;
			children = (
				E72DDADA1B097D470081B383 /* interview-app-swift.app */,
				E72DDAEF1B097D470081B383 /* interview-app-swiftTests.xctest */,
			);
			name = Products;
			sourceTree = "<group>";
		};
		E72DDADC1B097D470081B383 /* interview-app-swift */ = {
			isa = PBXGroup;
			children = (
				E72DDADF1B097D470081B383 /* AppDelegate.swift */,
				E763D2F41B1E4EC100A64C8E /* Model */,
				E763D2F51B1E4ECA00A64C8E /* View */,
				E763D2F61B1E4ECF00A64C8E /* Controller */,
				E763D2F71B1E4ED700A64C8E /* Services */,
				E72DDADD1B097D470081B383 /* Supporting Files */,
			);
			path = "interview-app-swift";
			sourceTree = "<group>";
		};
		E72DDADD1B097D470081B383 /* Supporting Files */ = {
			isa = PBXGroup;
			children = (
				E72DDAE81B097D470081B383 /* LaunchScreen.xib */,
				E72DDAE61B097D470081B383 /* Images.xcassets */,
				E72DDADE1B097D470081B383 /* Info.plist */,
			);
			name = "Supporting Files";
			sourceTree = "<group>";
		};
		E72DDAF21B097D470081B383 /* interview-app-swiftTests */ = {
			isa = PBXGroup;
			children = (
				E72DDAF51B097D470081B383 /* interview_app_swiftTests.swift */,
				E72DDAF31B097D470081B383 /* Supporting Files */,
			);
			path = "interview-app-swiftTests";
			sourceTree = "<group>";
		};
		E72DDAF31B097D470081B383 /* Supporting Files */ = {
			isa = PBXGroup;
			children = (
				E72DDAF41B097D470081B383 /* Info.plist */,
			);
			name = "Supporting Files";
			sourceTree = "<group>";
		};
		E763D2F41B1E4EC100A64C8E /* Model */ = {
			isa = PBXGroup;
			children = (
				E763D2F81B1E548300A64C8E /* CoffeeshopModel.swift */,
			);
			name = Model;
			sourceTree = "<group>";
		};
		E763D2F51B1E4ECA00A64C8E /* View */ = {
			isa = PBXGroup;
			children = (
				E72DDAE31B097D470081B383 /* Main.storyboard */,
			);
			name = View;
			sourceTree = "<group>";
		};
		E763D2F61B1E4ECF00A64C8E /* Controller */ = {
			isa = PBXGroup;
			children = (
			);
			name = Controller;
			sourceTree = "<group>";
		};
		E763D2F71B1E4ED700A64C8E /* Services */ = {
			isa = PBXGroup;
			children = (
				E763D3001B1E7A0200A64C8E /* OAuthAPIConstants.swift */,
				E763D2FE1B1E561600A64C8E /* YelpAPIService.swift */,
			);
			name = Services;
			sourceTree = "<group>";
		};
/* End PBXGroup section */

/* Begin PBXNativeTarget section */
		E72DDAD91B097D470081B383 /* interview-app-swift */ = {
			isa = PBXNativeTarget;
			buildConfigurationList = E72DDAF91B097D470081B383 /* Build configuration list for PBXNativeTarget "interview-app-swift" */;
			buildPhases = (
				714D17F40F0CE3F7C066F3FA /* Check Pods Manifest.lock */,
				E72DDAD61B097D470081B383 /* Sources */,
				E72DDAD71B097D470081B383 /* Frameworks */,
				E72DDAD81B097D470081B383 /* Resources */,
				927607BDE9A53650DD042135 /* Embed Pods Frameworks */,
				4B6B39992C3D36EBF7A436AD /* Copy Pods Resources */,
			);
			buildRules = (
			);
			dependencies = (
			);
			name = "interview-app-swift";
			productName = "interview-app-swift";
			productReference = E72DDADA1B097D470081B383 /* interview-app-swift.app */;
			productType = "com.apple.product-type.application";
		};
		E72DDAEE1B097D470081B383 /* interview-app-swiftTests */ = {
			isa = PBXNativeTarget;
			buildConfigurationList = E72DDAFC1B097D470081B383 /* Build configuration list for PBXNativeTarget "interview-app-swiftTests" */;
			buildPhases = (
				E72DDAEB1B097D470081B383 /* Sources */,
				E72DDAEC1B097D470081B383 /* Frameworks */,
				E72DDAED1B097D470081B383 /* Resources */,
			);
			buildRules = (
			);
			dependencies = (
				E72DDAF11B097D470081B383 /* PBXTargetDependency */,
			);
			name = "interview-app-swiftTests";
			productName = "interview-app-swiftTests";
			productReference = E72DDAEF1B097D470081B383 /* interview-app-swiftTests.xctest */;
			productType = "com.apple.product-type.bundle.unit-test";
		};
/* End PBXNativeTarget section */

/* Begin PBXProject section */
		E72DDAD21B097D470081B383 /* Project object */ = {
			isa = PBXProject;
			attributes = {
				LastUpgradeCheck = 0630;
				ORGANIZATIONNAME = "Tony Nuzzi";
				TargetAttributes = {
					E72DDAD91B097D470081B383 = {
						CreatedOnToolsVersion = 6.3.1;
					};
					E72DDAEE1B097D470081B383 = {
						CreatedOnToolsVersion = 6.3.1;
						TestTargetID = E72DDAD91B097D470081B383;
					};
				};
			};
			buildConfigurationList = E72DDAD51B097D470081B383 /* Build configuration list for PBXProject "interview-app-swift" */;
			compatibilityVersion = "Xcode 3.2";
			developmentRegion = English;
			hasScannedForEncodings = 0;
			knownRegions = (
				en,
				Base,
			);
			mainGroup = E72DDAD11B097D470081B383;
			productRefGroup = E72DDADB1B097D470081B383 /* Products */;
			projectDirPath = "";
			projectRoot = "";
			targets = (
				E72DDAD91B097D470081B383 /* interview-app-swift */,
				E72DDAEE1B097D470081B383 /* interview-app-swiftTests */,
			);
		};
/* End PBXProject section */

/* Begin PBXResourcesBuildPhase section */
		E72DDAD81B097D470081B383 /* Resources */ = {
			isa = PBXResourcesBuildPhase;
			buildActionMask = 2147483647;
			files = (
				E72DDAE51B097D470081B383 /* Main.storyboard in Resources */,
				E72DDAEA1B097D470081B383 /* LaunchScreen.xib in Resources */,
				E72DDAE71B097D470081B383 /* Images.xcassets in Resources */,
			);
			runOnlyForDeploymentPostprocessing = 0;
		};
		E72DDAED1B097D470081B383 /* Resources */ = {
			isa = PBXResourcesBuildPhase;
			buildActionMask = 2147483647;
			files = (
			);
			runOnlyForDeploymentPostprocessing = 0;
		};
/* End PBXResourcesBuildPhase section */

/* Begin PBXShellScriptBuildPhase section */
		4B6B39992C3D36EBF7A436AD /* Copy Pods Resources */ = {
			isa = PBXShellScriptBuildPhase;
			buildActionMask = 2147483647;
			files = (
			);
			inputPaths = (
			);
			name = "Copy Pods Resources";
			outputPaths = (
			);
			runOnlyForDeploymentPostprocessing = 0;
			shellPath = /bin/sh;
			shellScript = "\"${SRCROOT}/Pods/Target Support Files/Pods-interview-app-swift/Pods-interview-app-swift-resources.sh\"\n";
			showEnvVarsInLog = 0;
		};
		714D17F40F0CE3F7C066F3FA /* Check Pods Manifest.lock */ = {
			isa = PBXShellScriptBuildPhase;
			buildActionMask = 2147483647;
			files = (
			);
			inputPaths = (
			);
			name = "Check Pods Manifest.lock";
			outputPaths = (
			);
			runOnlyForDeploymentPostprocessing = 0;
			shellPath = /bin/sh;
			shellScript = "diff \"${PODS_ROOT}/../Podfile.lock\" \"${PODS_ROOT}/Manifest.lock\" > /dev/null\nif [[ $? != 0 ]] ; then\n    cat << EOM\nerror: The sandbox is not in sync with the Podfile.lock. Run 'pod install' or update your CocoaPods installation.\nEOM\n    exit 1\nfi\n";
			showEnvVarsInLog = 0;
		};
		927607BDE9A53650DD042135 /* Embed Pods Frameworks */ = {
			isa = PBXShellScriptBuildPhase;
			buildActionMask = 2147483647;
			files = (
			);
			inputPaths = (
			);
			name = "Embed Pods Frameworks";
			outputPaths = (
			);
			runOnlyForDeploymentPostprocessing = 0;
			shellPath = /bin/sh;
			shellScript = "\"${SRCROOT}/Pods/Target Support Files/Pods-interview-app-swift/Pods-interview-app-swift-frameworks.sh\"\n";
			showEnvVarsInLog = 0;
		};
/* End PBXShellScriptBuildPhase section */

/* Begin PBXSourcesBuildPhase section */
		E72DDAD61B097D470081B383 /* Sources */ = {
			isa = PBXSourcesBuildPhase;
			buildActionMask = 2147483647;
			files = (
				E72DDAE01B097D470081B383 /* AppDelegate.swift in Sources */,
				E763D2F91B1E548300A64C8E /* CoffeeshopModel.swift in Sources */,
				E763D3011B1E7A0200A64C8E /* OAuthAPIConstants.swift in Sources */,
				E763D2FF1B1E561600A64C8E /* YelpAPIService.swift in Sources */,
			);
			runOnlyForDeploymentPostprocessing = 0;
		};
		E72DDAEB1B097D470081B383 /* Sources */ = {
			isa = PBXSourcesBuildPhase;
			buildActionMask = 2147483647;
			files = (
				E72DDAF61B097D470081B383 /* interview_app_swiftTests.swift in Sources */,
			);
			runOnlyForDeploymentPostprocessing = 0;
		};
/* End PBXSourcesBuildPhase section */

/* Begin PBXTargetDependency section */
		E72DDAF11B097D470081B383 /* PBXTargetDependency */ = {
			isa = PBXTargetDependency;
			target = E72DDAD91B097D470081B383 /* interview-app-swift */;
			targetProxy = E72DDAF01B097D470081B383 /* PBXContainerItemProxy */;
		};
/* End PBXTargetDependency section */

/* Begin PBXVariantGroup section */
		E72DDAE31B097D470081B383 /* Main.storyboard */ = {
			isa = PBXVariantGroup;
			children = (
				E72DDAE41B097D470081B383 /* Base */,
			);
			name = Main.storyboard;
			sourceTree = "<group>";
		};
		E72DDAE81B097D470081B383 /* LaunchScreen.xib */ = {
			isa = PBXVariantGroup;
			children = (
				E72DDAE91B097D470081B383 /* Base */,
			);
			name = LaunchScreen.xib;
			sourceTree = "<group>";
		};
/* End PBXVariantGroup section */

/* Begin XCBuildConfiguration section */
		E72DDAF71B097D470081B383 /* Debug */ = {
			isa = XCBuildConfiguration;
			buildSettings = {
				ALWAYS_SEARCH_USER_PATHS = NO;
				CLANG_CXX_LANGUAGE_STANDARD = "gnu++0x";
				CLANG_CXX_LIBRARY = "libc++";
				CLANG_ENABLE_MODULES = YES;
				CLANG_ENABLE_OBJC_ARC = YES;
				CLANG_WARN_BOOL_CONVERSION = YES;
				CLANG_WARN_CONSTANT_CONVERSION = YES;
				CLANG_WARN_DIRECT_OBJC_ISA_USAGE = YES_ERROR;
				CLANG_WARN_EMPTY_BODY = YES;
				CLANG_WARN_ENUM_CONVERSION = YES;
				CLANG_WARN_INT_CONVERSION = YES;
				CLANG_WARN_OBJC_ROOT_CLASS = YES_ERROR;
				CLANG_WARN_UNREACHABLE_CODE = YES;
				CLANG_WARN__DUPLICATE_METHOD_MATCH = YES;
				"CODE_SIGN_IDENTITY[sdk=iphoneos*]" = "iPhone Developer";
				COPY_PHASE_STRIP = NO;
				DEBUG_INFORMATION_FORMAT = "dwarf-with-dsym";
				ENABLE_STRICT_OBJC_MSGSEND = YES;
				GCC_C_LANGUAGE_STANDARD = gnu99;
				GCC_DYNAMIC_NO_PIC = NO;
				GCC_NO_COMMON_BLOCKS = YES;
				GCC_OPTIMIZATION_LEVEL = 0;
				GCC_PREPROCESSOR_DEFINITIONS = (
					"DEBUG=1",
					"$(inherited)",
				);
				GCC_SYMBOLS_PRIVATE_EXTERN = NO;
				GCC_WARN_64_TO_32_BIT_CONVERSION = YES;
				GCC_WARN_ABOUT_RETURN_TYPE = YES_ERROR;
				GCC_WARN_UNDECLARED_SELECTOR = YES;
				GCC_WARN_UNINITIALIZED_AUTOS = YES_AGGRESSIVE;
				GCC_WARN_UNUSED_FUNCTION = YES;
				GCC_WARN_UNUSED_VARIABLE = YES;
				IPHONEOS_DEPLOYMENT_TARGET = 8.3;
				MTL_ENABLE_DEBUG_INFO = YES;
				ONLY_ACTIVE_ARCH = YES;
				SDKROOT = iphoneos;
				SWIFT_OPTIMIZATION_LEVEL = "-Onone";
			};
			name = Debug;
		};
		E72DDAF81B097D470081B383 /* Release */ = {
			isa = XCBuildConfiguration;
			buildSettings = {
				ALWAYS_SEARCH_USER_PATHS = NO;
				CLANG_CXX_LANGUAGE_STANDARD = "gnu++0x";
				CLANG_CXX_LIBRARY = "libc++";
				CLANG_ENABLE_MODULES = YES;
				CLANG_ENABLE_OBJC_ARC = YES;
				CLANG_WARN_BOOL_CONVERSION = YES;
				CLANG_WARN_CONSTANT_CONVERSION = YES;
				CLANG_WARN_DIRECT_OBJC_ISA_USAGE = YES_ERROR;
				CLANG_WARN_EMPTY_BODY = YES;
				CLANG_WARN_ENUM_CONVERSION = YES;
				CLANG_WARN_INT_CONVERSION = YES;
				CLANG_WARN_OBJC_ROOT_CLASS = YES_ERROR;
				CLANG_WARN_UNREACHABLE_CODE = YES;
				CLANG_WARN__DUPLICATE_METHOD_MATCH = YES;
				"CODE_SIGN_IDENTITY[sdk=iphoneos*]" = "iPhone Developer";
				COPY_PHASE_STRIP = NO;
				DEBUG_INFORMATION_FORMAT = "dwarf-with-dsym";
				ENABLE_NS_ASSERTIONS = NO;
				ENABLE_STRICT_OBJC_MSGSEND = YES;
				GCC_C_LANGUAGE_STANDARD = gnu99;
				GCC_NO_COMMON_BLOCKS = YES;
				GCC_WARN_64_TO_32_BIT_CONVERSION = YES;
				GCC_WARN_ABOUT_RETURN_TYPE = YES_ERROR;
				GCC_WARN_UNDECLARED_SELECTOR = YES;
				GCC_WARN_UNINITIALIZED_AUTOS = YES_AGGRESSIVE;
				GCC_WARN_UNUSED_FUNCTION = YES;
				GCC_WARN_UNUSED_VARIABLE = YES;
				IPHONEOS_DEPLOYMENT_TARGET = 8.3;
				MTL_ENABLE_DEBUG_INFO = NO;
				SDKROOT = iphoneos;
				VALIDATE_PRODUCT = YES;
			};
			name = Release;
		};
		E72DDAFA1B097D470081B383 /* Debug */ = {
			isa = XCBuildConfiguration;
			baseConfigurationReference = 77146EBB9620A8BF57CD6779 /* Pods-interview-app-swift.debug.xcconfig */;
			buildSettings = {
				ASSETCATALOG_COMPILER_APPICON_NAME = AppIcon;
				INFOPLIST_FILE = "interview-app-swift/Info.plist";
				LD_RUNPATH_SEARCH_PATHS = "$(inherited) @executable_path/Frameworks";
				PRODUCT_NAME = "$(TARGET_NAME)";
			};
			name = Debug;
		};
		E72DDAFB1B097D470081B383 /* Release */ = {
			isa = XCBuildConfiguration;
			baseConfigurationReference = F6C92910F1E77C62C3A74ABE /* Pods-interview-app-swift.release.xcconfig */;
			buildSettings = {
				ASSETCATALOG_COMPILER_APPICON_NAME = AppIcon;
				INFOPLIST_FILE = "interview-app-swift/Info.plist";
				LD_RUNPATH_SEARCH_PATHS = "$(inherited) @executable_path/Frameworks";
				PRODUCT_NAME = "$(TARGET_NAME)";
			};
			name = Release;
		};
		E72DDAFD1B097D470081B383 /* Debug */ = {
			isa = XCBuildConfiguration;
			buildSettings = {
				BUNDLE_LOADER = "$(TEST_HOST)";
				FRAMEWORK_SEARCH_PATHS = (
					"$(SDKROOT)/Developer/Library/Frameworks",
					"$(inherited)",
				);
				GCC_PREPROCESSOR_DEFINITIONS = (
					"DEBUG=1",
					"$(inherited)",
				);
				INFOPLIST_FILE = "interview-app-swiftTests/Info.plist";
				LD_RUNPATH_SEARCH_PATHS = "$(inherited) @executable_path/Frameworks @loader_path/Frameworks";
				PRODUCT_NAME = "$(TARGET_NAME)";
				TEST_HOST = "$(BUILT_PRODUCTS_DIR)/interview-app-swift.app/interview-app-swift";
			};
			name = Debug;
		};
		E72DDAFE1B097D470081B383 /* Release */ = {
			isa = XCBuildConfiguration;
			buildSettings = {
				BUNDLE_LOADER = "$(TEST_HOST)";
				FRAMEWORK_SEARCH_PATHS = (
					"$(SDKROOT)/Developer/Library/Frameworks",
					"$(inherited)",
				);
				INFOPLIST_FILE = "interview-app-swiftTests/Info.plist";
				LD_RUNPATH_SEARCH_PATHS = "$(inherited) @executable_path/Frameworks @loader_path/Frameworks";
				PRODUCT_NAME = "$(TARGET_NAME)";
				TEST_HOST = "$(BUILT_PRODUCTS_DIR)/interview-app-swift.app/interview-app-swift";
			};
			name = Release;
		};
/* End XCBuildConfiguration section */

/* Begin XCConfigurationList section */
		E72DDAD51B097D470081B383 /* Build configuration list for PBXProject "interview-app-swift" */ = {
			isa = XCConfigurationList;
			buildConfigurations = (
				E72DDAF71B097D470081B383 /* Debug */,
				E72DDAF81B097D470081B383 /* Release */,
			);
			defaultConfigurationIsVisible = 0;
			defaultConfigurationName = Release;
		};
		E72DDAF91B097D470081B383 /* Build configuration list for PBXNativeTarget "interview-app-swift" */ = {
			isa = XCConfigurationList;
			buildConfigurations = (
				E72DDAFA1B097D470081B383 /* Debug */,
				E72DDAFB1B097D470081B383 /* Release */,
			);
			defaultConfigurationIsVisible = 0;
			defaultConfigurationName = Release;
		};
		E72DDAFC1B097D470081B383 /* Build configuration list for PBXNativeTarget "interview-app-swiftTests" */ = {
			isa = XCConfigurationList;
			buildConfigurations = (
				E72DDAFD1B097D470081B383 /* Debug */,
				E72DDAFE1B097D470081B383 /* Release */,
			);
			defaultConfigurationIsVisible = 0;
			defaultConfigurationName = Release;
		};
/* End XCConfigurationList section */
	};
	rootObject = E72DDAD21B097D470081B383 /* Project object */;
}
